{
  "version": 4,
  "terraform_version": "1.9.3",
  "serial": 21,
  "lineage": "288f85e5-fcb3-5a75-9b67-19bb14d86588",
  "outputs": {},
  "resources": [
    {
      "mode": "data",
      "type": "spotify_search_track",
      "name": "KK",
      "provider": "provider[\"registry.terraform.io/conradludgate/spotify\"]",
      "instances": [
        {
          "schema_version": 0,
          "attributes": {
            "album": null,
            "artist": "KK",
            "explicit": true,
            "id": "1725286430",
            "limit": 10,
            "name": null,
            "tracks": [
              {
                "album": "0p2KCqdYSEJ2ERbvxaxgQQ",
                "artists": [
                  "4fEkbug6kZzzJ8eYX6Kbbp",
                  "0oOet2f43PA68X5RxKobEy"
                ],
                "id": "4ZVfIGaZP93t0stmBj4FqA",
                "name": "Teri Yaadon Mein"
              },
              {
                "album": "3Ip9JCpT1IF9GvhAxzufTH",
                "artists": [
                  "1wRPtKGflJrBx9BmLsSwlU",
                  "4fEkbug6kZzzJ8eYX6Kbbp"
                ],
                "id": "3Kl8p2PxVf8eAayLwTxOIm",
                "name": "Dil Ibaadat"
              },
              {
                "album": "153Qw0xXJqhEFxvm9M9rE8",
                "artists": [
                  "1wRPtKGflJrBx9BmLsSwlU",
                  "4fEkbug6kZzzJ8eYX6Kbbp"
                ],
                "id": "18YHbIhrleUkKKj2DvEp79",
                "name": "Zara Sa"
              },
              {
                "album": "4BKbiFqwZBaBG6MeDdkwID",
                "artists": [
                  "1wRPtKGflJrBx9BmLsSwlU",
                  "4fEkbug6kZzzJ8eYX6Kbbp"
                ],
                "id": "5WncH5iZ5GFlnXm7jKEXVP",
                "name": "Labon Ko"
              },
              {
                "album": "153Qw0xXJqhEFxvm9M9rE8",
                "artists": [
                  "1wRPtKGflJrBx9BmLsSwlU",
                  "4fEkbug6kZzzJ8eYX6Kbbp"
                ],
                "id": "4vgCpNUUcpEIBifidhQOnR",
                "name": "Haan Tu Hain"
              },
              {
                "album": "4mFLdK8SkUo3cx8ERLQC92",
                "artists": [
                  "6Mv8GjQa7LKUGCAqa9qqdb",
                  "4fEkbug6kZzzJ8eYX6Kbbp",
                  "19LIHDDSHBD5NyYHI3gpzB",
                  "4GEyPR3J4DYvuTRuPJQ0CW"
                ],
                "id": "0gPgdRfB4jdGrlyXS0Vx78",
                "name": "Khuda Jaane"
              },
              {
                "album": "0Rkv5iqjF2uenfL0OVB8hg",
                "artists": [
                  "0T1CMVkqffHlqEk4BcAph1",
                  "4fEkbug6kZzzJ8eYX6Kbbp"
                ],
                "id": "1ELMyeJLDHUz3cK3XTWgEi",
                "name": "Piya Aaye Na"
              },
              {
                "album": "1dG5jJAa3ZiSWnpVd2uPao",
                "artists": [
                  "4fEkbug6kZzzJ8eYX6Kbbp"
                ],
                "id": "7fW9J3EpVWVN1ouv0slAs0",
                "name": "Kya Mujhe Pyar Hai (From \"Woh Lamhe\")"
              },
              {
                "album": "1YP4bDwnjgv6dFRzy8Jpsm",
                "artists": [
                  "4fEkbug6kZzzJ8eYX6Kbbp"
                ],
                "id": "2RgvvnMwtP0R2OkVZmFvnV",
                "name": "Ajab Si (From \"Om Shanti Om\")"
              },
              {
                "album": "7aJiY5GW8uSpZItQXcmeVM",
                "artists": [
                  "3dN9MQpjIyNxyeRfz4EDZe",
                  "4YRxDV8wJFPHPTeXepOstw",
                  "5f4QpKfy7ptCHwTqspnSJI"
                ],
                "id": "57jOEZtoLQK4zF2x55bdkp",
                "name": "Tu Hi Yaar Mera (From \"Pati Patni Aur Woh\")"
              }
            ],
            "year": null
          },
          "sensitive_attributes": []
        }
      ]
    },
    {
      "mode": "managed",
      "type": "spotify_playlist",
      "name": "Playlist_created_using_Terraform",
      "provider": "provider[\"registry.terraform.io/conradludgate/spotify\"]",
      "instances": [
        {
          "schema_version": 0,
          "attributes": {
            "description": "",
            "id": "5d1VjcfOSA1YlddOpD8Uyc",
            "name": "Playlist created using Terraform",
            "public": true,
            "snapshot_id": "AAAAAi75NSkxQjBz1lijv8EWqvTMQtLJ",
            "tracks": [
              "3e7sxremeOE3wTySiOhGiP",
              "0dJacN6K3mSGLE9p7QE0lO",
              "1DIXPcTDzTj8ZMHt3PDt8p",
              "6mt8Bt9aHHCfbTBJMAcceJ",
              "1BmxOYHjQv1dKZRr13YRZM"
            ]
          },
          "sensitive_attributes": [],
          "private": "bnVsbA=="
        }
      ]
    },
    {
      "mode": "managed",
      "type": "spotify_playlist",
      "name": "Songs_by_kk",
      "provider": "provider[\"registry.terraform.io/conradludgate/spotify\"]",
      "instances": [
        {
          "schema_version": 0,
          "attributes": {
            "description": "",
            "id": "08FxU3W3MsxtSFKQra0lJV",
            "name": "Best Songs of KK",
            "public": true,
            "snapshot_id": "AAAAAq9MTd6AvtLIpj8y0PTnC2qGRsPy",
            "tracks": [
              "4ZVfIGaZP93t0stmBj4FqA",
              "3Kl8p2PxVf8eAayLwTxOIm",
              "18YHbIhrleUkKKj2DvEp79",
              "5WncH5iZ5GFlnXm7jKEXVP",
              "4vgCpNUUcpEIBifidhQOnR"
            ]
          },
          "sensitive_attributes": [],
          "private": "bnVsbA==",
          "dependencies": [
            "data.spotify_search_track.KK"
          ]
        }
      ]
    }
  ],
  "check_results": null
}
